
Microsoft Visual Studio Solution File, Format Version 12.00
# Visual Studio Version 17
VisualStudioVersion = 17.7.34009.444
MinimumVisualStudioVersion = 10.0.40219.1
Project("{2150E333-8FDC-42A3-9474-1A3956D46DE8}") = "src", "src", "{6306A643-AB17-4E17-90E9-1E33015CE725}"
EndProject
Project("{9A19103F-16F7-4668-BE54-9A1E7A4F7556}") = "D20Tek.Shurly.Domain", "src\D20Tek.Shurly.Domain\D20Tek.Shurly.Domain.csproj", "{4001B6CB-3AD8-4CDB-A3D4-3E1D3E085B3A}"
EndProject
Project("{9A19103F-16F7-4668-BE54-9A1E7A4F7556}") = "D20Tek.Shurly.Api", "src\D20Tek.Shurly.Api\D20Tek.Shurly.Api.csproj", "{49CFBF68-5850-4956-8089-8198917B8A27}"
EndProject
Project("{9A19103F-16F7-4668-BE54-9A1E7A4F7556}") = "D20Tek.Shurly.Web", "src\D20Tek.Shurly.Web\D20Tek.Shurly.Web.csproj", "{131203AB-2A45-411D-AC5D-FFBBEB92CF99}"
EndProject
Project("{9A19103F-16F7-4668-BE54-9A1E7A4F7556}") = "D20Tek.Shurly.Application", "src\D20Tek.Shurly.Application\D20Tek.Shurly.Application.csproj", "{7F9FF8C3-C631-455C-90F3-C43D2E36352D}"
EndProject
Project("{9A19103F-16F7-4668-BE54-9A1E7A4F7556}") = "D20Tek.Shurly.Infrastructure", "src\D20Tek.Shurly.Infrastructure\D20Tek.Shurly.Infrastructure.csproj", "{FA934E9F-577D-4803-9F90-B210EEBB7A1D}"
EndProject
Project("{2150E333-8FDC-42A3-9474-1A3956D46DE8}") = "tests", "tests", "{9652D467-A892-48CF-95B8-74C770BCA3B2}"
EndProject
Project("{FAE04EC0-301F-11D3-BF4B-00C04F79EFBC}") = "D20Tek.Shurly.Api.UnitTests", "tests\D20Tek.Shurly.Api.UnitTests\D20Tek.Shurly.Api.UnitTests.csproj", "{AC841725-10E6-45B9-8B0A-FD1AAD957DD4}"
EndProject
Global
	GlobalSection(SolutionConfigurationPlatforms) = preSolution
		Debug|Any CPU = Debug|Any CPU
		Release|Any CPU = Release|Any CPU
	EndGlobalSection
	GlobalSection(ProjectConfigurationPlatforms) = postSolution
		{4001B6CB-3AD8-4CDB-A3D4-3E1D3E085B3A}.Debug|Any CPU.ActiveCfg = Debug|Any CPU
		{4001B6CB-3AD8-4CDB-A3D4-3E1D3E085B3A}.Debug|Any CPU.Build.0 = Debug|Any CPU
		{4001B6CB-3AD8-4CDB-A3D4-3E1D3E085B3A}.Release|Any CPU.ActiveCfg = Release|Any CPU
		{4001B6CB-3AD8-4CDB-A3D4-3E1D3E085B3A}.Release|Any CPU.Build.0 = Release|Any CPU
		{49CFBF68-5850-4956-8089-8198917B8A27}.Debug|Any CPU.ActiveCfg = Debug|Any CPU
		{49CFBF68-5850-4956-8089-8198917B8A27}.Debug|Any CPU.Build.0 = Debug|Any CPU
		{49CFBF68-5850-4956-8089-8198917B8A27}.Release|Any CPU.ActiveCfg = Release|Any CPU
		{49CFBF68-5850-4956-8089-8198917B8A27}.Release|Any CPU.Build.0 = Release|Any CPU
		{131203AB-2A45-411D-AC5D-FFBBEB92CF99}.Debug|Any CPU.ActiveCfg = Debug|Any CPU
		{131203AB-2A45-411D-AC5D-FFBBEB92CF99}.Debug|Any CPU.Build.0 = Debug|Any CPU
		{131203AB-2A45-411D-AC5D-FFBBEB92CF99}.Release|Any CPU.ActiveCfg = Release|Any CPU
		{131203AB-2A45-411D-AC5D-FFBBEB92CF99}.Release|Any CPU.Build.0 = Release|Any CPU
		{7F9FF8C3-C631-455C-90F3-C43D2E36352D}.Debug|Any CPU.ActiveCfg = Debug|Any CPU
		{7F9FF8C3-C631-455C-90F3-C43D2E36352D}.Debug|Any CPU.Build.0 = Debug|Any CPU
		{7F9FF8C3-C631-455C-90F3-C43D2E36352D}.Release|Any CPU.ActiveCfg = Release|Any CPU
		{7F9FF8C3-C631-455C-90F3-C43D2E36352D}.Release|Any CPU.Build.0 = Release|Any CPU
		{FA934E9F-577D-4803-9F90-B210EEBB7A1D}.Debug|Any CPU.ActiveCfg = Debug|Any CPU
		{FA934E9F-577D-4803-9F90-B210EEBB7A1D}.Debug|Any CPU.Build.0 = Debug|Any CPU
		{FA934E9F-577D-4803-9F90-B210EEBB7A1D}.Release|Any CPU.ActiveCfg = Release|Any CPU
		{FA934E9F-577D-4803-9F90-B210EEBB7A1D}.Release|Any CPU.Build.0 = Release|Any CPU
		{AC841725-10E6-45B9-8B0A-FD1AAD957DD4}.Debug|Any CPU.ActiveCfg = Debug|Any CPU
		{AC841725-10E6-45B9-8B0A-FD1AAD957DD4}.Debug|Any CPU.Build.0 = Debug|Any CPU
		{AC841725-10E6-45B9-8B0A-FD1AAD957DD4}.Release|Any CPU.ActiveCfg = Release|Any CPU
		{AC841725-10E6-45B9-8B0A-FD1AAD957DD4}.Release|Any CPU.Build.0 = Release|Any CPU
	EndGlobalSection
	GlobalSection(SolutionProperties) = preSolution
		HideSolutionNode = FALSE
	EndGlobalSection
	GlobalSection(NestedProjects) = preSolution
		{4001B6CB-3AD8-4CDB-A3D4-3E1D3E085B3A} = {6306A643-AB17-4E17-90E9-1E33015CE725}
		{49CFBF68-5850-4956-8089-8198917B8A27} = {6306A643-AB17-4E17-90E9-1E33015CE725}
		{131203AB-2A45-411D-AC5D-FFBBEB92CF99} = {6306A643-AB17-4E17-90E9-1E33015CE725}
		{7F9FF8C3-C631-455C-90F3-C43D2E36352D} = {6306A643-AB17-4E17-90E9-1E33015CE725}
		{FA934E9F-577D-4803-9F90-B210EEBB7A1D} = {6306A643-AB17-4E17-90E9-1E33015CE725}
		{AC841725-10E6-45B9-8B0A-FD1AAD957DD4} = {9652D467-A892-48CF-95B8-74C770BCA3B2}
	EndGlobalSection
	GlobalSection(ExtensibilityGlobals) = postSolution
		SolutionGuid = {EA77E2D6-FE25-4362-8047-425E8D855E8F}
	EndGlobalSection
EndGlobal
